
Microsoft Visual Studio Solution File, Format Version 12.00
# Visual Studio Version 17
VisualStudioVersion = 17.9.34701.34
MinimumVisualStudioVersion = 10.0.40219.1
Project("{9A19103F-16F7-4668-BE54-9A1E7A4F7556}") = "rg-chat-toolkit-cs", "rg-chat-toolkit-cs.csproj", "{A1D63B94-D17A-49E8-9339-FD82950107B5}"
EndProject
Project("{9A19103F-16F7-4668-BE54-9A1E7A4F7556}") = "rg-chat-toolkit-api-cs", "..\rg-chat-toolkit-api-cs\rg-chat-toolkit-api-cs.csproj", "{73300695-68AF-4421-9E09-3EE831EE1330}"
EndProject
Project("{9A19103F-16F7-4668-BE54-9A1E7A4F7556}") = "rg-chat-toolkit-test-harness", "..\rg-chat-toolkit-test-harness\rg-chat-toolkit-test-harness.csproj", "{EBC8565E-3019-410D-B72C-07E372D72DC2}"
EndProject
Global
	GlobalSection(SolutionConfigurationPlatforms) = preSolution
		Debug|Any CPU = Debug|Any CPU
		Release|Any CPU = Release|Any CPU
	EndGlobalSection
	GlobalSection(ProjectConfigurationPlatforms) = postSolution
		{A1D63B94-D17A-49E8-9339-FD82950107B5}.Debug|Any CPU.ActiveCfg = Debug|Any CPU
		{A1D63B94-D17A-49E8-9339-FD82950107B5}.Debug|Any CPU.Build.0 = Debug|Any CPU
		{A1D63B94-D17A-49E8-9339-FD82950107B5}.Release|Any CPU.ActiveCfg = Release|Any CPU
		{A1D63B94-D17A-49E8-9339-FD82950107B5}.Release|Any CPU.Build.0 = Release|Any CPU
		{73300695-68AF-4421-9E09-3EE831EE1330}.Debug|Any CPU.ActiveCfg = Debug|Any CPU
		{73300695-68AF-4421-9E09-3EE831EE1330}.Debug|Any CPU.Build.0 = Debug|Any CPU
		{73300695-68AF-4421-9E09-3EE831EE1330}.Release|Any CPU.ActiveCfg = Release|Any CPU
		{73300695-68AF-4421-9E09-3EE831EE1330}.Release|Any CPU.Build.0 = Release|Any CPU
		{EBC8565E-3019-410D-B72C-07E372D72DC2}.Debug|Any CPU.ActiveCfg = Debug|Any CPU
		{EBC8565E-3019-410D-B72C-07E372D72DC2}.Debug|Any CPU.Build.0 = Debug|Any CPU
		{EBC8565E-3019-410D-B72C-07E372D72DC2}.Release|Any CPU.ActiveCfg = Release|Any CPU
		{EBC8565E-3019-410D-B72C-07E372D72DC2}.Release|Any CPU.Build.0 = Release|Any CPU
	EndGlobalSection
	GlobalSection(SolutionProperties) = preSolution
		HideSolutionNode = FALSE
	EndGlobalSection
	GlobalSection(ExtensibilityGlobals) = postSolution
		SolutionGuid = {D2F5AEDD-0E78-405C-A3F8-8C16A0159BF7}
	EndGlobalSection
EndGlobal
